version = 1
requires-python = ">=3.12"

[[package]]
name = "click"
version = "8.1.8"
source = { registry = "https://pypi.org/simple" }
dependencies = [
    { name = "colorama", marker = "sys_platform == 'win32'" },
]
sdist = { url = "https://files.pythonhosted.org/packages/b9/2e/0090cbf739cee7d23781ad4b89a9894a41538e4fcf4c31dcdd705b78eb8b/click-8.1.8.tar.gz", hash = "sha256:ed53c9d8990d83c2a27deae68e4ee337473f6330c040a31d4225c9574d16096a", size = 226593 }
wheels = [
    { url = "https://files.pythonhosted.org/packages/7e/d4/7ebdbd03970677812aac39c869717059dbb71a4cfc033ca6e5221787892c/click-8.1.8-py3-none-any.whl", hash = "sha256:63c132bbbed01578a06712a2d1f497bb62d9c1c0d329b7903a866228027263b2", size = 98188 },
]

[[package]]
name = "colorama"
version = "0.4.6"
source = { registry = "https://pypi.org/simple" }
sdist = { url = "https://files.pythonhosted.org/packages/d8/53/6f443c9a4a8358a93a6792e2acffb9d9d5cb0a5cfd8802644b7b1c9a02e4/colorama-0.4.6.tar.gz", hash = "sha256:08695f5cb7ed6e0531a20572697297273c47b8cae5a63ffc6d6ed5c201be6e44", size = 27697 }
wheels = [
    { url = "https://files.pythonhosted.org/packages/d1/d6/3965ed04c63042e047cb6a3e6ed1a63a35087b6a609aa3a15ed8ac56c221/colorama-0.4.6-py2.py3-none-any.whl", hash = "sha256:4f1d9991f5acc0ca119f9d443620b77f9d6b33703e51011c16baf57afb285fc6", size = 25335 },
]

[[package]]
name = "markdown-it-py"
version = "3.0.0"
source = { registry = "https://pypi.org/simple" }
dependencies = [
    { name = "mdurl" },
]
sdist = { url = "https://files.pythonhosted.org/packages/38/71/3b932df36c1a044d397a1f92d1cf91ee0a503d91e470cbd670aa66b07ed0/markdown-it-py-3.0.0.tar.gz", hash = "sha256:e3f60a94fa066dc52ec76661e37c851cb232d92f9886b15cb560aaada2df8feb", size = 74596 }
wheels = [
    { url = "https://files.pythonhosted.org/packages/42/d7/1ec15b46af6af88f19b8e5ffea08fa375d433c998b8a7639e76935c14f1f/markdown_it_py-3.0.0-py3-none-any.whl", hash = "sha256:355216845c60bd96232cd8d8c40e8f9765cc86f46880e43a8fd22dc1a1a8cab1", size = 87528 },
]

[[package]]
name = "mdurl"
version = "0.1.2"
source = { registry = "https://pypi.org/simple" }
sdist = { url = "https://files.pythonhosted.org/packages/d6/54/cfe61301667036ec958cb99bd3efefba235e65cdeb9c84d24a8293ba1d90/mdurl-0.1.2.tar.gz", hash = "sha256:bb413d29f5eea38f31dd4754dd7377d4465116fb207585f97bf925588687c1ba", size = 8729 }
wheels = [
    { url = "https://files.pythonhosted.org/packages/b3/38/89ba8ad64ae25be8de66a6d463314cf1eb366222074cfda9ee839c56a4b4/mdurl-0.1.2-py3-none-any.whl", hash = "sha256:84008a41e51615a49fc9966191ff91509e3c40b939176e643fd50a5c2196b8f8", size = 9979 },
]

[[package]]
name = "pygments"
version = "2.19.1"
source = { registry = "https://pypi.org/simple" }
sdist = { url = "https://files.pythonhosted.org/packages/7c/2d/c3338d48ea6cc0feb8446d8e6937e1408088a72a39937982cc6111d17f84/pygments-2.19.1.tar.gz", hash = "sha256:61c16d2a8576dc0649d9f39e089b5f02bcd27fba10d8fb4dcc28173f7a45151f", size = 4968581 }
wheels = [
    { url = "https://files.pythonhosted.org/packages/8a/0b/9fcc47d19c48b59121088dd6da2488a49d5f72dacf8262e2790a1d2c7d15/pygments-2.19.1-py3-none-any.whl", hash = "sha256:9ea1544ad55cecf4b8242fab6dd35a93bbce657034b0611ee383099054ab6d8c", size = 1225293 },
]

[[package]]
name = "pymupdf"
version = "1.25.3"
source = { registry = "https://pypi.org/simple" }
sdist = { url = "https://files.pythonhosted.org/packages/06/47/b61c1c44b87cbdaeecdec3f43ce524ed6b3c72172bc6184eb82c94fbc43d/pymupdf-1.25.3.tar.gz", hash = "sha256:b640187c64c5ac5d97505a92e836da299da79c2f689f3f94a67a37a493492193", size = 67259841 }
wheels = [
    { url = "https://files.pythonhosted.org/packages/61/9b/98ef4b98309e9db3baa9fe572f0e61b6130bb9852d13189970f35b703499/pymupdf-1.25.3-cp39-abi3-macosx_10_9_x86_64.whl", hash = "sha256:96878e1b748f9c2011aecb2028c5f96b5a347a9a91169130ad0133053d97915e", size = 19343576 },
    { url = "https://files.pythonhosted.org/packages/14/62/4e12126db174c8cfbf692281cda971cc4046c5f5226032c2cfaa6f83e08d/pymupdf-1.25.3-cp39-abi3-macosx_11_0_arm64.whl", hash = "sha256:6ef753005b72ebfd23470f72f7e30f61e21b0b5e748045ec5b8f89e6e3068d62", size = 18580114 },
    { url = "https://files.pythonhosted.org/packages/52/de/bd1418e31f73d37b8381cd5deacfd681e6be702b8890e123e83724569ee1/pymupdf-1.25.3-cp39-abi3-manylinux2014_x86_64.manylinux_2_17_x86_64.whl", hash = "sha256:46d90c4f9e62d1856e8db4b9f04a202ff4a7f086a816af73abdc86adb7f5e25a", size = 19999825 },
    { url = "https://files.pythonhosted.org/packages/42/ee/3c449b0de061440ba1ac984aa845315e9e2dca0ff2003c5adfc6febff203/pymupdf-1.25.3-cp39-abi3-musllinux_1_2_x86_64.whl", hash = "sha256:a5de51efdbe4d486b6c1111c84e8a231cbfb426f3d6ff31ab530ad70e6f39756", size = 21123157 },
    { url = "https://files.pythonhosted.org/packages/83/53/71faaaf91c56f2883b13f3dd849bf2697f012eb35eb7b952d62734cff41f/pymupdf-1.25.3-cp39-abi3-win32.whl", hash = "sha256:bca72e6089f985d800596e22973f79cc08af6cbff1d93e5bda9248326a03857c", size = 15094211 },
    { url = "https://files.pythonhosted.org/packages/09/e0/d72e88a1d5e23aa381fd463057dc3d0fb29090e1e7308a870c334716579c/pymupdf-1.25.3-cp39-abi3-win_amd64.whl", hash = "sha256:4fb357438c9129fbf939b5af85323434df64e36759c399c376b62ad6da95498c", size = 16542949 },
]

[[package]]
name = "pymupdf4llm"
version = "0.0.17"
source = { registry = "https://pypi.org/simple" }
dependencies = [
    { name = "pymupdf" },
]
sdist = { url = "https://files.pythonhosted.org/packages/2e/3c/1a530a410bdf76d83289bf30b3b86236d338b3f5f21842790c2cf7e9c1f6/pymupdf4llm-0.0.17.tar.gz", hash = "sha256:27287ef9fe0217cf37841a3ef2bcf70da2553c43d95ea39b664a6de6485678c3", size = 25180 }
wheels = [
    { url = "https://files.pythonhosted.org/packages/ae/af/1576ecfc8a62d31c0c8b34b856e52f6b05f1d76546dbac0e1d037f044a9e/pymupdf4llm-0.0.17-py3-none-any.whl", hash = "sha256:26de9996945f15e3ca507908f80dc18a959f5b5214bb2e302c7f7034089665a0", size = 26190 },
]

[[package]]
name = "pysqlite3"
version = "0.5.4"
source = { registry = "https://pypi.org/simple" }
sdist = { url = "https://files.pythonhosted.org/packages/33/cb/ef7d041dbecfbf47f9241d7cb6328311fd80fe15bd61a6253d9ab36e9d6d/pysqlite3-0.5.4.tar.gz", hash = "sha256:fbc69bfdc0cb43a5badd5403b126d5151371b5037e0397ba9802bb440c5b0021", size = 40743 }

[[package]]
name = "rag-challenge"
version = "0.1.0"
source = { virtual = "." }
dependencies = [
    { name = "pymupdf4llm" },
    { name = "pysqlite3" },
    { name = "semantic-text-splitter" },
    { name = "typer" },
]

[package.dev-dependencies]
dev = [
    { name = "ruff" },
]

[package.metadata]
requires-dist = [
    { name = "pymupdf4llm", specifier = ">=0.0.17" },
    { name = "pysqlite3", specifier = ">=0.5.4" },
    { name = "semantic-text-splitter", specifier = ">=0.23.0" },
    { name = "typer", specifier = ">=0.15.1" },
]

[package.metadata.requires-dev]
dev = [{ name = "ruff", specifier = ">=0.9.6" }]

[[package]]
name = "rich"
version = "13.9.4"
source = { registry = "https://pypi.org/simple" }
dependencies = [
    { name = "markdown-it-py" },
    { name = "pygments" },
]
sdist = { url = "https://files.pythonhosted.org/packages/ab/3a/0316b28d0761c6734d6bc14e770d85506c986c85ffb239e688eeaab2c2bc/rich-13.9.4.tar.gz", hash = "sha256:439594978a49a09530cff7ebc4b5c7103ef57baf48d5ea3184f21d9a2befa098", size = 223149 }
wheels = [
    { url = "https://files.pythonhosted.org/packages/19/71/39c7c0d87f8d4e6c020a393182060eaefeeae6c01dab6a84ec346f2567df/rich-13.9.4-py3-none-any.whl", hash = "sha256:6049d5e6ec054bf2779ab3358186963bac2ea89175919d699e378b99738c2a90", size = 242424 },
]

[[package]]
name = "ruff"
version = "0.9.6"
source = { registry = "https://pypi.org/simple" }
sdist = { url = "https://files.pythonhosted.org/packages/2a/e1/e265aba384343dd8ddd3083f5e33536cd17e1566c41453a5517b5dd443be/ruff-0.9.6.tar.gz", hash = "sha256:81761592f72b620ec8fa1068a6fd00e98a5ebee342a3642efd84454f3031dca9", size = 3639454 }
wheels = [
    { url = "https://files.pythonhosted.org/packages/76/e3/3d2c022e687e18cf5d93d6bfa2722d46afc64eaa438c7fbbdd603b3597be/ruff-0.9.6-py3-none-linux_armv6l.whl", hash = "sha256:2f218f356dd2d995839f1941322ff021c72a492c470f0b26a34f844c29cdf5ba", size = 11714128 },
    { url = "https://files.pythonhosted.org/packages/e1/22/aff073b70f95c052e5c58153cba735748c9e70107a77d03420d7850710a0/ruff-0.9.6-py3-none-macosx_10_12_x86_64.whl", hash = "sha256:b908ff4df65dad7b251c9968a2e4560836d8f5487c2f0cc238321ed951ea0504", size = 11682539 },
    { url = "https://files.pythonhosted.org/packages/75/a7/f5b7390afd98a7918582a3d256cd3e78ba0a26165a467c1820084587cbf9/ruff-0.9.6-py3-none-macosx_11_0_arm64.whl", hash = "sha256:b109c0ad2ececf42e75fa99dc4043ff72a357436bb171900714a9ea581ddef83", size = 11132512 },
    { url = "https://files.pythonhosted.org/packages/a6/e3/45de13ef65047fea2e33f7e573d848206e15c715e5cd56095589a7733d04/ruff-0.9.6-py3-none-manylinux_2_17_aarch64.manylinux2014_aarch64.whl", hash = "sha256:1de4367cca3dac99bcbd15c161404e849bb0bfd543664db39232648dc00112dc", size = 11929275 },
    { url = "https://files.pythonhosted.org/packages/7d/f2/23d04cd6c43b2e641ab961ade8d0b5edb212ecebd112506188c91f2a6e6c/ruff-0.9.6-py3-none-manylinux_2_17_armv7l.manylinux2014_armv7l.whl", hash = "sha256:ac3ee4d7c2c92ddfdaedf0bf31b2b176fa7aa8950efc454628d477394d35638b", size = 11466502 },
    { url = "https://files.pythonhosted.org/packages/b5/6f/3a8cf166f2d7f1627dd2201e6cbc4cb81f8b7d58099348f0c1ff7b733792/ruff-0.9.6-py3-none-manylinux_2_17_i686.manylinux2014_i686.whl", hash = "sha256:5dc1edd1775270e6aa2386119aea692039781429f0be1e0949ea5884e011aa8e", size = 12676364 },
    { url = "https://files.pythonhosted.org/packages/f5/c4/db52e2189983c70114ff2b7e3997e48c8318af44fe83e1ce9517570a50c6/ruff-0.9.6-py3-none-manylinux_2_17_ppc64.manylinux2014_ppc64.whl", hash = "sha256:4a091729086dffa4bd070aa5dab7e39cc6b9d62eb2bef8f3d91172d30d599666", size = 13335518 },
    { url = "https://files.pythonhosted.org/packages/66/44/545f8a4d136830f08f4d24324e7db957c5374bf3a3f7a6c0bc7be4623a37/ruff-0.9.6-py3-none-manylinux_2_17_ppc64le.manylinux2014_ppc64le.whl", hash = "sha256:d1bbc6808bf7b15796cef0815e1dfb796fbd383e7dbd4334709642649625e7c5", size = 12823287 },
    { url = "https://files.pythonhosted.org/packages/c5/26/8208ef9ee7431032c143649a9967c3ae1aae4257d95e6f8519f07309aa66/ruff-0.9.6-py3-none-manylinux_2_17_s390x.manylinux2014_s390x.whl", hash = "sha256:589d1d9f25b5754ff230dce914a174a7c951a85a4e9270613a2b74231fdac2f5", size = 14592374 },
    { url = "https://files.pythonhosted.org/packages/31/70/e917781e55ff39c5b5208bda384fd397ffd76605e68544d71a7e40944945/ruff-0.9.6-py3-none-manylinux_2_17_x86_64.manylinux2014_x86_64.whl", hash = "sha256:dc61dd5131742e21103fbbdcad683a8813be0e3c204472d520d9a5021ca8b217", size = 12500173 },
    { url = "https://files.pythonhosted.org/packages/84/f5/e4ddee07660f5a9622a9c2b639afd8f3104988dc4f6ba0b73ffacffa9a8c/ruff-0.9.6-py3-none-musllinux_1_2_aarch64.whl", hash = "sha256:5e2d9126161d0357e5c8f30b0bd6168d2c3872372f14481136d13de9937f79b6", size = 11906555 },
    { url = "https://files.pythonhosted.org/packages/f1/2b/6ff2fe383667075eef8656b9892e73dd9b119b5e3add51298628b87f6429/ruff-0.9.6-py3-none-musllinux_1_2_armv7l.whl", hash = "sha256:68660eab1a8e65babb5229a1f97b46e3120923757a68b5413d8561f8a85d4897", size = 11538958 },
    { url = "https://files.pythonhosted.org/packages/3c/db/98e59e90de45d1eb46649151c10a062d5707b5b7f76f64eb1e29edf6ebb1/ruff-0.9.6-py3-none-musllinux_1_2_i686.whl", hash = "sha256:c4cae6c4cc7b9b4017c71114115db0445b00a16de3bcde0946273e8392856f08", size = 12117247 },
    { url = "https://files.pythonhosted.org/packages/ec/bc/54e38f6d219013a9204a5a2015c09e7a8c36cedcd50a4b01ac69a550b9d9/ruff-0.9.6-py3-none-musllinux_1_2_x86_64.whl", hash = "sha256:19f505b643228b417c1111a2a536424ddde0db4ef9023b9e04a46ed8a1cb4656", size = 12554647 },
    { url = "https://files.pythonhosted.org/packages/a5/7d/7b461ab0e2404293c0627125bb70ac642c2e8d55bf590f6fce85f508f1b2/ruff-0.9.6-py3-none-win32.whl", hash = "sha256:194d8402bceef1b31164909540a597e0d913c0e4952015a5b40e28c146121b5d", size = 9949214 },
    { url = "https://files.pythonhosted.org/packages/ee/30/c3cee10f915ed75a5c29c1e57311282d1a15855551a64795c1b2bbe5cf37/ruff-0.9.6-py3-none-win_amd64.whl", hash = "sha256:03482d5c09d90d4ee3f40d97578423698ad895c87314c4de39ed2af945633caa", size = 10999914 },
    { url = "https://files.pythonhosted.org/packages/e8/a8/d71f44b93e3aa86ae232af1f2126ca7b95c0f515ec135462b3e1f351441c/ruff-0.9.6-py3-none-win_arm64.whl", hash = "sha256:0e2bb706a2be7ddfea4a4af918562fdc1bcb16df255e5fa595bbd800ce322a5a", size = 10177499 },
]

[[package]]
name = "semantic-text-splitter"
version = "0.23.0"
source = { registry = "https://pypi.org/simple" }
sdist = { url = "https://files.pythonhosted.org/packages/e5/b5/f8719b5f25cf34635f868dfb8cc2f1629d0766a930cddae38b446818687a/semantic_text_splitter-0.23.0.tar.gz", hash = "sha256:19b5358d7f848632ec527ee7447fda2edc96c5742dc6c1585319d19004ec3917", size = 288790 }
wheels = [
    { url = "https://files.pythonhosted.org/packages/6d/26/e74c5f259f6869a368f27d33f51926988ad693f9822b5e3aee880d83643c/semantic_text_splitter-0.23.0-cp39-abi3-macosx_10_12_x86_64.whl", hash = "sha256:e3e44ee064619c02a4f175f6eee4ce2b9a7caea9866533b492ea3dc86ff53c70", size = 8145195 },
    { url = "https://files.pythonhosted.org/packages/69/92/6bc438b0b1b88221a3aab3ad60a755e804e735b90ade43b42b0b32ed718b/semantic_text_splitter-0.23.0-cp39-abi3-macosx_11_0_arm64.whl", hash = "sha256:7097a05513efdbcb7d050a8fdac2a6fc18d797b3ff50b148c12fd281339c49ba", size = 8129164 },
    { url = "https://files.pythonhosted.org/packages/79/80/bc234cdb2ed0e0a0b2f572bcac32a9451b1cdd617f8165bb420945b9495d/semantic_text_splitter-0.23.0-cp39-abi3-manylinux_2_17_aarch64.manylinux2014_aarch64.whl", hash = "sha256:7ba555a8d0eb46b98e932aa7ca449b336661a7d225c2f1eea3efb7e87147872c", size = 8345998 },
    { url = "https://files.pythonhosted.org/packages/c3/ee/23ce5be1e27b4a753f040ee00d7b1066358ec08edcaaffc8298910641d4b/semantic_text_splitter-0.23.0-cp39-abi3-manylinux_2_17_armv7l.manylinux2014_armv7l.whl", hash = "sha256:bc85bbe585af153fe1f5a03b0ec62e0548dee43fe6fce856315192813f313871", size = 8227442 },
    { url = "https://files.pythonhosted.org/packages/fc/4d/e8361a05e444b834ae85afc05ab5e2cb3d24a37437cbfb06919ca0d8289c/semantic_text_splitter-0.23.0-cp39-abi3-manylinux_2_17_i686.manylinux2014_i686.whl", hash = "sha256:d1342a54c07f09892721c7d83ffc4e60d165bae5c6d71cb9ef2897de25bdb6fc", size = 8483459 },
    { url = "https://files.pythonhosted.org/packages/c2/b1/b136e4e992ac33f77f70d41f3f0bf94ac58b4fe0d273ffa126a289545b61/semantic_text_splitter-0.23.0-cp39-abi3-manylinux_2_17_ppc64le.manylinux2014_ppc64le.whl", hash = "sha256:8bad9414f58948d060fadc57c6e3d008c7c346a8d1e06cf6e0fdf24f87971512", size = 8553423 },
    { url = "https://files.pythonhosted.org/packages/1c/d0/930afff4f0ec2caf02244d205628a2825259d9584bfefd2a46069e359011/semantic_text_splitter-0.23.0-cp39-abi3-manylinux_2_17_s390x.manylinux2014_s390x.whl", hash = "sha256:cacd2708ba6a40418dd129869efcb1ced20072ac8ceff0e3d71a8e2c152bfadd", size = 8819204 },
    { url = "https://files.pythonhosted.org/packages/ad/56/29c9f5456dffa60b457b969a00dc5b6f9b471d2f29028925752a55049460/semantic_text_splitter-0.23.0-cp39-abi3-manylinux_2_17_x86_64.manylinux2014_x86_64.whl", hash = "sha256:605e8f06d31a7281d271f37222eb2e2e8ab9bcfcf0c5321ff283ed2d40e95a90", size = 8431446 },
    { url = "https://files.pythonhosted.org/packages/19/46/ee8de9c5d291a36cd3648d6760e423f5131d526ff9e60a92c1fd8d34344f/semantic_text_splitter-0.23.0-cp39-abi3-win32.whl", hash = "sha256:2f9500c0a716c866a09314da6a7884b2c27d63455764bbf499c85e6837c4ef5e", size = 7660080 },
    { url = "https://files.pythonhosted.org/packages/f1/f6/1b81294e1de6f2840d5f1ac05dd93527a93768f6bfabfd4760b1be0d71b7/semantic_text_splitter-0.23.0-cp39-abi3-win_amd64.whl", hash = "sha256:ee0e07308a10232d5d6b2aaabeacb4a03aef79671daea83baad7cd1c13fb5120", size = 7836812 },
]

[[package]]
name = "shellingham"
version = "1.5.4"
source = { registry = "https://pypi.org/simple" }
sdist = { url = "https://files.pythonhosted.org/packages/58/15/8b3609fd3830ef7b27b655beb4b4e9c62313a4e8da8c676e142cc210d58e/shellingham-1.5.4.tar.gz", hash = "sha256:8dbca0739d487e5bd35ab3ca4b36e11c4078f3a234bfce294b0a0291363404de", size = 10310 }
wheels = [
    { url = "https://files.pythonhosted.org/packages/e0/f9/0595336914c5619e5f28a1fb793285925a8cd4b432c9da0a987836c7f822/shellingham-1.5.4-py2.py3-none-any.whl", hash = "sha256:7ecfff8f2fd72616f7481040475a65b2bf8af90a56c89140852d1120324e8686", size = 9755 },
]

[[package]]
name = "typer"
version = "0.15.1"
source = { registry = "https://pypi.org/simple" }
dependencies = [
    { name = "click" },
    { name = "rich" },
    { name = "shellingham" },
    { name = "typing-extensions" },
]
sdist = { url = "https://files.pythonhosted.org/packages/cb/ce/dca7b219718afd37a0068f4f2530a727c2b74a8b6e8e0c0080a4c0de4fcd/typer-0.15.1.tar.gz", hash = "sha256:a0588c0a7fa68a1978a069818657778f86abe6ff5ea6abf472f940a08bfe4f0a", size = 99789 }
wheels = [
    { url = "https://files.pythonhosted.org/packages/d0/cc/0a838ba5ca64dc832aa43f727bd586309846b0ffb2ce52422543e6075e8a/typer-0.15.1-py3-none-any.whl", hash = "sha256:7994fb7b8155b64d3402518560648446072864beefd44aa2dc36972a5972e847", size = 44908 },
]

[[package]]
name = "typing-extensions"
version = "4.12.2"
source = { registry = "https://pypi.org/simple" }
sdist = { url = "https://files.pythonhosted.org/packages/df/db/f35a00659bc03fec321ba8bce9420de607a1d37f8342eee1863174c69557/typing_extensions-4.12.2.tar.gz", hash = "sha256:1a7ead55c7e559dd4dee8856e3a88b41225abfe1ce8df57b7c13915fe121ffb8", size = 85321 }
wheels = [
    { url = "https://files.pythonhosted.org/packages/26/9f/ad63fc0248c5379346306f8668cda6e2e2e9c95e01216d2b8ffd9ff037d0/typing_extensions-4.12.2-py3-none-any.whl", hash = "sha256:04e5ca0351e0f3f85c6853954072df659d0d13fac324d0072316b67d7794700d", size = 37438 },
]
